// !$*UTF8*$!
{
	archiveVersion = 1;
	classes = {
	};
	objectVersion = 56;
	objects = {

/* Begin PBXBuildFile section */
		2EA61BD88899136D237DDB38 /* Pods_Bizzy_Books.framework in Frameworks */ = {isa = PBXBuildFile; fileRef = 07D3A5F35FDA26D158331EC3 /* Pods_Bizzy_Books.framework */; };
		670D45BD2B43161D00FF9BB3 /* FirebaseDatabase.swift in Sources */ = {isa = PBXBuildFile; fileRef = 670D45BC2B43161D00FF9BB3 /* FirebaseDatabase.swift */; };
		670D45BF2B43178B00FF9BB3 /* ItemModel.swift in Sources */ = {isa = PBXBuildFile; fileRef = 670D45BE2B43178B00FF9BB3 /* ItemModel.swift */; };
		673CF3AF2B48952E00506736 /* Model.swift in Sources */ = {isa = PBXBuildFile; fileRef = 673CF3AE2B48952E00506736 /* Model.swift */; };
		673CF3B12B4B497600506736 /* AddCustomerView.swift in Sources */ = {isa = PBXBuildFile; fileRef = 673CF3B02B4B497600506736 /* AddCustomerView.swift */; };
		674D4EB52B325BFA001699F2 /* AddItemModel.swift in Sources */ = {isa = PBXBuildFile; fileRef = 674D4EB42B325BFA001699F2 /* AddItemModel.swift */; };
		677B70A72B0F0B3D0044216A /* EmptyView.swift in Sources */ = {isa = PBXBuildFile; fileRef = 677B70A62B0F0B3D0044216A /* EmptyView.swift */; };
		678FBB7D2B43C53900A38561 /* AddWhoView.swift in Sources */ = {isa = PBXBuildFile; fileRef = 678FBB7C2B43C53900A38561 /* AddWhoView.swift */; };
		678FBB812B44F2A100A38561 /* AddWhomView.swift in Sources */ = {isa = PBXBuildFile; fileRef = 678FBB802B44F2A100A38561 /* AddWhomView.swift */; };
		678FBB832B45002500A38561 /* VMSVWhoWhomVehProj.swift in Sources */ = {isa = PBXBuildFile; fileRef = 678FBB822B45002500A38561 /* VMSVWhoWhomVehProj.swift */; };
		678FBB852B45008000A38561 /* TFCurrencyGallonsOdo.swift in Sources */ = {isa = PBXBuildFile; fileRef = 678FBB842B45008000A38561 /* TFCurrencyGallonsOdo.swift */; };
		678FBB872B4500FD00A38561 /* LayoutFlow.swift in Sources */ = {isa = PBXBuildFile; fileRef = 678FBB862B4500FD00A38561 /* LayoutFlow.swift */; };
		678FBB892B45039800A38561 /* AddVehicleView.swift in Sources */ = {isa = PBXBuildFile; fileRef = 678FBB882B45039800A38561 /* AddVehicleView.swift */; };
		678FBB8B2B4503A800A38561 /* AddProjectView.swift in Sources */ = {isa = PBXBuildFile; fileRef = 678FBB8A2B4503A800A38561 /* AddProjectView.swift */; };
		67AB9AF92B35F42800FB81A1 /* SingletonDataManager.swift in Sources */ = {isa = PBXBuildFile; fileRef = 67AB9AF82B35F42800FB81A1 /* SingletonDataManager.swift */; };
		67AB9AFD2B35FDCF00FB81A1 /* SentenceFlowView.swift in Sources */ = {isa = PBXBuildFile; fileRef = 67AB9AFC2B35FDCF00FB81A1 /* SentenceFlowView.swift */; };
		67C709B52B30EED400C09CC6 /* LoginView.swift in Sources */ = {isa = PBXBuildFile; fileRef = 67C709B42B30EED400C09CC6 /* LoginView.swift */; };
		67C709B72B30EF3400C09CC6 /* SignupView.swift in Sources */ = {isa = PBXBuildFile; fileRef = 67C709B62B30EF3400C09CC6 /* SignupView.swift */; };
		67C709B92B30EF6C00C09CC6 /* UserProfileView.swift in Sources */ = {isa = PBXBuildFile; fileRef = 67C709B82B30EF6C00C09CC6 /* UserProfileView.swift */; };
		67C709BB2B30F00400C09CC6 /* AuthenticationView.swift in Sources */ = {isa = PBXBuildFile; fileRef = 67C709BA2B30F00400C09CC6 /* AuthenticationView.swift */; };
		67C709BD2B30F02A00C09CC6 /* AuthenticatedView.swift in Sources */ = {isa = PBXBuildFile; fileRef = 67C709BC2B30F02A00C09CC6 /* AuthenticatedView.swift */; };
		67C709BF2B31F99000C09CC6 /* AddItemView.swift in Sources */ = {isa = PBXBuildFile; fileRef = 67C709BE2B31F99000C09CC6 /* AddItemView.swift */; };
		67C709C32B32075900C09CC6 /* ColorExtensions.swift in Sources */ = {isa = PBXBuildFile; fileRef = 67C709C22B32075900C09CC6 /* ColorExtensions.swift */; };
		67D58C482B0EC83800740E70 /* EditBusinessView.swift in Sources */ = {isa = PBXBuildFile; fileRef = 67D58C472B0EC83800740E70 /* EditBusinessView.swift */; };
		67E103D02B0E6DB10092082B /* Bizzy_BooksApp.swift in Sources */ = {isa = PBXBuildFile; fileRef = 67E103CF2B0E6DB10092082B /* Bizzy_BooksApp.swift */; };
		67E103D22B0E6DB10092082B /* MainScreenView.swift in Sources */ = {isa = PBXBuildFile; fileRef = 67E103D12B0E6DB10092082B /* MainScreenView.swift */; };
		67E103D42B0E6DB20092082B /* Assets.xcassets in Resources */ = {isa = PBXBuildFile; fileRef = 67E103D32B0E6DB20092082B /* Assets.xcassets */; };
		67E103D82B0E6DB20092082B /* Preview Assets.xcassets in Resources */ = {isa = PBXBuildFile; fileRef = 67E103D72B0E6DB20092082B /* Preview Assets.xcassets */; };
		67E103E22B0E6DB20092082B /* Bizzy_BooksTests.swift in Sources */ = {isa = PBXBuildFile; fileRef = 67E103E12B0E6DB20092082B /* Bizzy_BooksTests.swift */; };
		67E103EC2B0E6DB20092082B /* Bizzy_BooksUITests.swift in Sources */ = {isa = PBXBuildFile; fileRef = 67E103EB2B0E6DB20092082B /* Bizzy_BooksUITests.swift */; };
		67E103EE2B0E6DB20092082B /* Bizzy_BooksUITestsLaunchTests.swift in Sources */ = {isa = PBXBuildFile; fileRef = 67E103ED2B0E6DB20092082B /* Bizzy_BooksUITestsLaunchTests.swift */; };
		67E103FB2B0E72EF0092082B /* GoogleService-Info.plist in Resources */ = {isa = PBXBuildFile; fileRef = 67E103FA2B0E72EF0092082B /* GoogleService-Info.plist */; };
		67E103FC2B0E72EF0092082B /* GoogleService-Info.plist in Resources */ = {isa = PBXBuildFile; fileRef = 67E103FA2B0E72EF0092082B /* GoogleService-Info.plist */; };
		67E103FD2B0E72EF0092082B /* GoogleService-Info.plist in Resources */ = {isa = PBXBuildFile; fileRef = 67E103FA2B0E72EF0092082B /* GoogleService-Info.plist */; };
		91229F5F0068E9870F9B4DA3 /* Pods_Bizzy_BooksTests.framework in Frameworks */ = {isa = PBXBuildFile; fileRef = 4563FCE17754DC0A93911CCB /* Pods_Bizzy_BooksTests.framework */; };
		CFAFD0EA67FCBE6FF7CD6F67 /* Pods_Bizzy_Books_Bizzy_BooksUITests.framework in Frameworks */ = {isa = PBXBuildFile; fileRef = 51EB572154D551BF80CE3100 /* Pods_Bizzy_Books_Bizzy_BooksUITests.framework */; };
/* End PBXBuildFile section */

/* Begin PBXContainerItemProxy section */
		67E103DE2B0E6DB20092082B /* PBXContainerItemProxy */ = {
			isa = PBXContainerItemProxy;
			containerPortal = 67E103C42B0E6DB10092082B /* Project object */;
			proxyType = 1;
			remoteGlobalIDString = 67E103CB2B0E6DB10092082B;
			remoteInfo = "Bizzy-Books";
		};
		67E103E82B0E6DB20092082B /* PBXContainerItemProxy */ = {
			isa = PBXContainerItemProxy;
			containerPortal = 67E103C42B0E6DB10092082B /* Project object */;
			proxyType = 1;
			remoteGlobalIDString = 67E103CB2B0E6DB10092082B;
			remoteInfo = "Bizzy-Books";
		};
/* End PBXContainerItemProxy section */

/* Begin PBXFileReference section */
		07D3A5F35FDA26D158331EC3 /* Pods_Bizzy_Books.framework */ = {isa = PBXFileReference; explicitFileType = wrapper.framework; includeInIndex = 0; path = Pods_Bizzy_Books.framework; sourceTree = BUILT_PRODUCTS_DIR; };
		42A0F310289B6F023DC7B21B /* Pods-Bizzy-Books.debug.xcconfig */ = {isa = PBXFileReference; includeInIndex = 1; lastKnownFileType = text.xcconfig; name = "Pods-Bizzy-Books.debug.xcconfig"; path = "Target Support Files/Pods-Bizzy-Books/Pods-Bizzy-Books.debug.xcconfig"; sourceTree = "<group>"; };
		4563FCE17754DC0A93911CCB /* Pods_Bizzy_BooksTests.framework */ = {isa = PBXFileReference; explicitFileType = wrapper.framework; includeInIndex = 0; path = Pods_Bizzy_BooksTests.framework; sourceTree = BUILT_PRODUCTS_DIR; };
		51EB572154D551BF80CE3100 /* Pods_Bizzy_Books_Bizzy_BooksUITests.framework */ = {isa = PBXFileReference; explicitFileType = wrapper.framework; includeInIndex = 0; path = Pods_Bizzy_Books_Bizzy_BooksUITests.framework; sourceTree = BUILT_PRODUCTS_DIR; };
		5DFCE9627AC467AF78D47B9C /* Pods-Bizzy-BooksTests.debug.xcconfig */ = {isa = PBXFileReference; includeInIndex = 1; lastKnownFileType = text.xcconfig; name = "Pods-Bizzy-BooksTests.debug.xcconfig"; path = "Target Support Files/Pods-Bizzy-BooksTests/Pods-Bizzy-BooksTests.debug.xcconfig"; sourceTree = "<group>"; };
		670D45BC2B43161D00FF9BB3 /* FirebaseDatabase.swift */ = {isa = PBXFileReference; lastKnownFileType = sourcecode.swift; path = FirebaseDatabase.swift; sourceTree = "<group>"; };
		670D45BE2B43178B00FF9BB3 /* ItemModel.swift */ = {isa = PBXFileReference; lastKnownFileType = sourcecode.swift; path = ItemModel.swift; sourceTree = "<group>"; };
		673CF3AE2B48952E00506736 /* Model.swift */ = {isa = PBXFileReference; lastKnownFileType = sourcecode.swift; path = Model.swift; sourceTree = "<group>"; };
		673CF3B02B4B497600506736 /* AddCustomerView.swift */ = {isa = PBXFileReference; lastKnownFileType = sourcecode.swift; path = AddCustomerView.swift; sourceTree = "<group>"; };
		674D4EB42B325BFA001699F2 /* AddItemModel.swift */ = {isa = PBXFileReference; lastKnownFileType = sourcecode.swift; path = AddItemModel.swift; sourceTree = "<group>"; };
		6759408F2B30C2D5002EAF9C /* FirebaseAuth.framework */ = {isa = PBXFileReference; explicitFileType = wrapper.framework; path = FirebaseAuth.framework; sourceTree = BUILT_PRODUCTS_DIR; };
		677B70A62B0F0B3D0044216A /* EmptyView.swift */ = {isa = PBXFileReference; lastKnownFileType = sourcecode.swift; path = EmptyView.swift; sourceTree = "<group>"; };
		678FBB7C2B43C53900A38561 /* AddWhoView.swift */ = {isa = PBXFileReference; lastKnownFileType = sourcecode.swift; path = AddWhoView.swift; sourceTree = "<group>"; };
		678FBB802B44F2A100A38561 /* AddWhomView.swift */ = {isa = PBXFileReference; lastKnownFileType = sourcecode.swift; path = AddWhomView.swift; sourceTree = "<group>"; };
		678FBB822B45002500A38561 /* VMSVWhoWhomVehProj.swift */ = {isa = PBXFileReference; lastKnownFileType = sourcecode.swift; path = VMSVWhoWhomVehProj.swift; sourceTree = "<group>"; };
		678FBB842B45008000A38561 /* TFCurrencyGallonsOdo.swift */ = {isa = PBXFileReference; lastKnownFileType = sourcecode.swift; path = TFCurrencyGallonsOdo.swift; sourceTree = "<group>"; };
		678FBB862B4500FD00A38561 /* LayoutFlow.swift */ = {isa = PBXFileReference; lastKnownFileType = sourcecode.swift; path = LayoutFlow.swift; sourceTree = "<group>"; };
		678FBB882B45039800A38561 /* AddVehicleView.swift */ = {isa = PBXFileReference; lastKnownFileType = sourcecode.swift; path = AddVehicleView.swift; sourceTree = "<group>"; };
		678FBB8A2B4503A800A38561 /* AddProjectView.swift */ = {isa = PBXFileReference; lastKnownFileType = sourcecode.swift; path = AddProjectView.swift; sourceTree = "<group>"; };
		67AB9AF82B35F42800FB81A1 /* SingletonDataManager.swift */ = {isa = PBXFileReference; lastKnownFileType = sourcecode.swift; path = SingletonDataManager.swift; sourceTree = "<group>"; };
		67AB9AFC2B35FDCF00FB81A1 /* SentenceFlowView.swift */ = {isa = PBXFileReference; lastKnownFileType = sourcecode.swift; path = SentenceFlowView.swift; sourceTree = "<group>"; };
		67C709B42B30EED400C09CC6 /* LoginView.swift */ = {isa = PBXFileReference; lastKnownFileType = sourcecode.swift; path = LoginView.swift; sourceTree = "<group>"; };
		67C709B62B30EF3400C09CC6 /* SignupView.swift */ = {isa = PBXFileReference; lastKnownFileType = sourcecode.swift; path = SignupView.swift; sourceTree = "<group>"; };
		67C709B82B30EF6C00C09CC6 /* UserProfileView.swift */ = {isa = PBXFileReference; lastKnownFileType = sourcecode.swift; path = UserProfileView.swift; sourceTree = "<group>"; };
		67C709BA2B30F00400C09CC6 /* AuthenticationView.swift */ = {isa = PBXFileReference; lastKnownFileType = sourcecode.swift; path = AuthenticationView.swift; sourceTree = "<group>"; };
		67C709BC2B30F02A00C09CC6 /* AuthenticatedView.swift */ = {isa = PBXFileReference; lastKnownFileType = sourcecode.swift; path = AuthenticatedView.swift; sourceTree = "<group>"; };
		67C709BE2B31F99000C09CC6 /* AddItemView.swift */ = {isa = PBXFileReference; lastKnownFileType = sourcecode.swift; path = AddItemView.swift; sourceTree = "<group>"; };
		67C709C22B32075900C09CC6 /* ColorExtensions.swift */ = {isa = PBXFileReference; lastKnownFileType = sourcecode.swift; path = ColorExtensions.swift; sourceTree = "<group>"; };
		67D58C472B0EC83800740E70 /* EditBusinessView.swift */ = {isa = PBXFileReference; lastKnownFileType = sourcecode.swift; path = EditBusinessView.swift; sourceTree = "<group>"; };
		67E103CC2B0E6DB10092082B /* Bizzy-Books.app */ = {isa = PBXFileReference; explicitFileType = wrapper.application; includeInIndex = 0; path = "Bizzy-Books.app"; sourceTree = BUILT_PRODUCTS_DIR; };
		67E103CF2B0E6DB10092082B /* Bizzy_BooksApp.swift */ = {isa = PBXFileReference; lastKnownFileType = sourcecode.swift; path = Bizzy_BooksApp.swift; sourceTree = "<group>"; };
		67E103D12B0E6DB10092082B /* MainScreenView.swift */ = {isa = PBXFileReference; lastKnownFileType = sourcecode.swift; path = MainScreenView.swift; sourceTree = "<group>"; };
		67E103D32B0E6DB20092082B /* Assets.xcassets */ = {isa = PBXFileReference; lastKnownFileType = folder.assetcatalog; path = Assets.xcassets; sourceTree = "<group>"; };
		67E103D52B0E6DB20092082B /* Bizzy_Books.entitlements */ = {isa = PBXFileReference; lastKnownFileType = text.plist.entitlements; path = Bizzy_Books.entitlements; sourceTree = "<group>"; };
		67E103D72B0E6DB20092082B /* Preview Assets.xcassets */ = {isa = PBXFileReference; lastKnownFileType = folder.assetcatalog; path = "Preview Assets.xcassets"; sourceTree = "<group>"; };
		67E103DD2B0E6DB20092082B /* Bizzy-BooksTests.xctest */ = {isa = PBXFileReference; explicitFileType = wrapper.cfbundle; includeInIndex = 0; path = "Bizzy-BooksTests.xctest"; sourceTree = BUILT_PRODUCTS_DIR; };
		67E103E12B0E6DB20092082B /* Bizzy_BooksTests.swift */ = {isa = PBXFileReference; lastKnownFileType = sourcecode.swift; path = Bizzy_BooksTests.swift; sourceTree = "<group>"; };
		67E103E72B0E6DB20092082B /* Bizzy-BooksUITests.xctest */ = {isa = PBXFileReference; explicitFileType = wrapper.cfbundle; includeInIndex = 0; path = "Bizzy-BooksUITests.xctest"; sourceTree = BUILT_PRODUCTS_DIR; };
		67E103EB2B0E6DB20092082B /* Bizzy_BooksUITests.swift */ = {isa = PBXFileReference; lastKnownFileType = sourcecode.swift; path = Bizzy_BooksUITests.swift; sourceTree = "<group>"; };
		67E103ED2B0E6DB20092082B /* Bizzy_BooksUITestsLaunchTests.swift */ = {isa = PBXFileReference; lastKnownFileType = sourcecode.swift; path = Bizzy_BooksUITestsLaunchTests.swift; sourceTree = "<group>"; };
		67E103FA2B0E72EF0092082B /* GoogleService-Info.plist */ = {isa = PBXFileReference; fileEncoding = 4; lastKnownFileType = text.plist.xml; name = "GoogleService-Info.plist"; path = "../../../../Downloads/GoogleService-Info.plist"; sourceTree = "<group>"; };
		8214491142499E9B3E30692F /* Pods-Bizzy-BooksTests.release.xcconfig */ = {isa = PBXFileReference; includeInIndex = 1; lastKnownFileType = text.xcconfig; name = "Pods-Bizzy-BooksTests.release.xcconfig"; path = "Target Support Files/Pods-Bizzy-BooksTests/Pods-Bizzy-BooksTests.release.xcconfig"; sourceTree = "<group>"; };
		8799C4BD5BE7FF9F3917A3AE /* Pods-Bizzy-Books-Bizzy-BooksUITests.release.xcconfig */ = {isa = PBXFileReference; includeInIndex = 1; lastKnownFileType = text.xcconfig; name = "Pods-Bizzy-Books-Bizzy-BooksUITests.release.xcconfig"; path = "Target Support Files/Pods-Bizzy-Books-Bizzy-BooksUITests/Pods-Bizzy-Books-Bizzy-BooksUITests.release.xcconfig"; sourceTree = "<group>"; };
		C35B12FA4361FF57CD24EEF3 /* Pods-Bizzy-Books-Bizzy-BooksUITests.debug.xcconfig */ = {isa = PBXFileReference; includeInIndex = 1; lastKnownFileType = text.xcconfig; name = "Pods-Bizzy-Books-Bizzy-BooksUITests.debug.xcconfig"; path = "Target Support Files/Pods-Bizzy-Books-Bizzy-BooksUITests/Pods-Bizzy-Books-Bizzy-BooksUITests.debug.xcconfig"; sourceTree = "<group>"; };
		E2D6F6105E3D9BB92B7714EB /* Pods-Bizzy-Books.release.xcconfig */ = {isa = PBXFileReference; includeInIndex = 1; lastKnownFileType = text.xcconfig; name = "Pods-Bizzy-Books.release.xcconfig"; path = "Target Support Files/Pods-Bizzy-Books/Pods-Bizzy-Books.release.xcconfig"; sourceTree = "<group>"; };
/* End PBXFileReference section */

/* Begin PBXFrameworksBuildPhase section */
		67E103C92B0E6DB10092082B /* Frameworks */ = {
			isa = PBXFrameworksBuildPhase;
			buildActionMask = 2147483647;
			files = (
				2EA61BD88899136D237DDB38 /* Pods_Bizzy_Books.framework in Frameworks */,
			);
			runOnlyForDeploymentPostprocessing = 0;
		};
		67E103DA2B0E6DB20092082B /* Frameworks */ = {
			isa = PBXFrameworksBuildPhase;
			buildActionMask = 2147483647;
			files = (
				91229F5F0068E9870F9B4DA3 /* Pods_Bizzy_BooksTests.framework in Frameworks */,
			);
			runOnlyForDeploymentPostprocessing = 0;
		};
		67E103E42B0E6DB20092082B /* Frameworks */ = {
			isa = PBXFrameworksBuildPhase;
			buildActionMask = 2147483647;
			files = (
				CFAFD0EA67FCBE6FF7CD6F67 /* Pods_Bizzy_Books_Bizzy_BooksUITests.framework in Frameworks */,
			);
			runOnlyForDeploymentPostprocessing = 0;
		};
/* End PBXFrameworksBuildPhase section */

/* Begin PBXGroup section */
		67E103C32B0E6DB10092082B = {
			isa = PBXGroup;
			children = (
				67E103CE2B0E6DB10092082B /* Bizzy-Books */,
				67E103E02B0E6DB20092082B /* Bizzy-BooksTests */,
				67E103EA2B0E6DB20092082B /* Bizzy-BooksUITests */,
				67E103CD2B0E6DB10092082B /* Products */,
				ED504CB22BADCC263BF88511 /* Pods */,
				79C41F51309D5EE863B2E5C5 /* Frameworks */,
			);
			sourceTree = "<group>";
		};
		67E103CD2B0E6DB10092082B /* Products */ = {
			isa = PBXGroup;
			children = (
				67E103CC2B0E6DB10092082B /* Bizzy-Books.app */,
				67E103DD2B0E6DB20092082B /* Bizzy-BooksTests.xctest */,
				67E103E72B0E6DB20092082B /* Bizzy-BooksUITests.xctest */,
			);
			name = Products;
			sourceTree = "<group>";
		};
		67E103CE2B0E6DB10092082B /* Bizzy-Books */ = {
			isa = PBXGroup;
			children = (
				67C709BA2B30F00400C09CC6 /* AuthenticationView.swift */,
				67C709BC2B30F02A00C09CC6 /* AuthenticatedView.swift */,
				67C709B82B30EF6C00C09CC6 /* UserProfileView.swift */,
				67C709B42B30EED400C09CC6 /* LoginView.swift */,
				67C709B62B30EF3400C09CC6 /* SignupView.swift */,
				67E103CF2B0E6DB10092082B /* Bizzy_BooksApp.swift */,
				67E103D12B0E6DB10092082B /* MainScreenView.swift */,
				67D58C472B0EC83800740E70 /* EditBusinessView.swift */,
				677B70A62B0F0B3D0044216A /* EmptyView.swift */,
				67E103D32B0E6DB20092082B /* Assets.xcassets */,
				67E103D52B0E6DB20092082B /* Bizzy_Books.entitlements */,
				67E103D62B0E6DB20092082B /* Preview Content */,
				67E103FA2B0E72EF0092082B /* GoogleService-Info.plist */,
				67C709BE2B31F99000C09CC6 /* AddItemView.swift */,
				67C709C22B32075900C09CC6 /* ColorExtensions.swift */,
				674D4EB42B325BFA001699F2 /* AddItemModel.swift */,
				67AB9AF82B35F42800FB81A1 /* SingletonDataManager.swift */,
				67AB9AFC2B35FDCF00FB81A1 /* SentenceFlowView.swift */,
				670D45BC2B43161D00FF9BB3 /* FirebaseDatabase.swift */,
				670D45BE2B43178B00FF9BB3 /* ItemModel.swift */,
				678FBB7C2B43C53900A38561 /* AddWhoView.swift */,
				678FBB802B44F2A100A38561 /* AddWhomView.swift */,
				673CF3B02B4B497600506736 /* AddCustomerView.swift */,
				678FBB822B45002500A38561 /* VMSVWhoWhomVehProj.swift */,
				678FBB842B45008000A38561 /* TFCurrencyGallonsOdo.swift */,
				678FBB862B4500FD00A38561 /* LayoutFlow.swift */,
				678FBB882B45039800A38561 /* AddVehicleView.swift */,
				673CF3AE2B48952E00506736 /* Model.swift */,
				678FBB8A2B4503A800A38561 /* AddProjectView.swift */,
			);
			path = "Bizzy-Books";
			sourceTree = "<group>";
		};
		67E103D62B0E6DB20092082B /* Preview Content */ = {
			isa = PBXGroup;
			children = (
				67E103D72B0E6DB20092082B /* Preview Assets.xcassets */,
			);
			path = "Preview Content";
			sourceTree = "<group>";
		};
		67E103E02B0E6DB20092082B /* Bizzy-BooksTests */ = {
			isa = PBXGroup;
			children = (
				67E103E12B0E6DB20092082B /* Bizzy_BooksTests.swift */,
			);
			path = "Bizzy-BooksTests";
			sourceTree = "<group>";
		};
		67E103EA2B0E6DB20092082B /* Bizzy-BooksUITests */ = {
			isa = PBXGroup;
			children = (
				67E103EB2B0E6DB20092082B /* Bizzy_BooksUITests.swift */,
				67E103ED2B0E6DB20092082B /* Bizzy_BooksUITestsLaunchTests.swift */,
			);
			path = "Bizzy-BooksUITests";
			sourceTree = "<group>";
		};
		79C41F51309D5EE863B2E5C5 /* Frameworks */ = {
			isa = PBXGroup;
			children = (
				6759408F2B30C2D5002EAF9C /* FirebaseAuth.framework */,
				07D3A5F35FDA26D158331EC3 /* Pods_Bizzy_Books.framework */,
				51EB572154D551BF80CE3100 /* Pods_Bizzy_Books_Bizzy_BooksUITests.framework */,
				4563FCE17754DC0A93911CCB /* Pods_Bizzy_BooksTests.framework */,
			);
			name = Frameworks;
			sourceTree = "<group>";
		};
		ED504CB22BADCC263BF88511 /* Pods */ = {
			isa = PBXGroup;
			children = (
				42A0F310289B6F023DC7B21B /* Pods-Bizzy-Books.debug.xcconfig */,
				E2D6F6105E3D9BB92B7714EB /* Pods-Bizzy-Books.release.xcconfig */,
				C35B12FA4361FF57CD24EEF3 /* Pods-Bizzy-Books-Bizzy-BooksUITests.debug.xcconfig */,
				8799C4BD5BE7FF9F3917A3AE /* Pods-Bizzy-Books-Bizzy-BooksUITests.release.xcconfig */,
				5DFCE9627AC467AF78D47B9C /* Pods-Bizzy-BooksTests.debug.xcconfig */,
				8214491142499E9B3E30692F /* Pods-Bizzy-BooksTests.release.xcconfig */,
			);
			path = Pods;
			sourceTree = "<group>";
		};
/* End PBXGroup section */

/* Begin PBXNativeTarget section */
		67E103CB2B0E6DB10092082B /* Bizzy-Books */ = {
			isa = PBXNativeTarget;
			buildConfigurationList = 67E103F12B0E6DB20092082B /* Build configuration list for PBXNativeTarget "Bizzy-Books" */;
			buildPhases = (
				92BFBAF3E5D7A0A98612F18B /* [CP] Check Pods Manifest.lock */,
				67E103C82B0E6DB10092082B /* Sources */,
				67E103C92B0E6DB10092082B /* Frameworks */,
				67E103CA2B0E6DB10092082B /* Resources */,
				4EA0E3438935B8183F0E7DFE /* [CP] Embed Pods Frameworks */,
			);
			buildRules = (
			);
			dependencies = (
			);
			name = "Bizzy-Books";
			productName = "Bizzy-Books";
			productReference = 67E103CC2B0E6DB10092082B /* Bizzy-Books.app */;
			productType = "com.apple.product-type.application";
		};
		67E103DC2B0E6DB20092082B /* Bizzy-BooksTests */ = {
			isa = PBXNativeTarget;
			buildConfigurationList = 67E103F42B0E6DB20092082B /* Build configuration list for PBXNativeTarget "Bizzy-BooksTests" */;
			buildPhases = (
				57AB81C93BA4B95F507E2067 /* [CP] Check Pods Manifest.lock */,
				67E103D92B0E6DB20092082B /* Sources */,
				67E103DA2B0E6DB20092082B /* Frameworks */,
				67E103DB2B0E6DB20092082B /* Resources */,
			);
			buildRules = (
			);
			dependencies = (
				67E103DF2B0E6DB20092082B /* PBXTargetDependency */,
			);
			name = "Bizzy-BooksTests";
			productName = "Bizzy-BooksTests";
			productReference = 67E103DD2B0E6DB20092082B /* Bizzy-BooksTests.xctest */;
			productType = "com.apple.product-type.bundle.unit-test";
		};
		67E103E62B0E6DB20092082B /* Bizzy-BooksUITests */ = {
			isa = PBXNativeTarget;
			buildConfigurationList = 67E103F72B0E6DB20092082B /* Build configuration list for PBXNativeTarget "Bizzy-BooksUITests" */;
			buildPhases = (
				D4BDFAD60F3C8A416362F889 /* [CP] Check Pods Manifest.lock */,
				67E103E32B0E6DB20092082B /* Sources */,
				67E103E42B0E6DB20092082B /* Frameworks */,
				67E103E52B0E6DB20092082B /* Resources */,
				3668E6527C41855164B3FB42 /* [CP] Embed Pods Frameworks */,
			);
			buildRules = (
			);
			dependencies = (
				67E103E92B0E6DB20092082B /* PBXTargetDependency */,
			);
			name = "Bizzy-BooksUITests";
			productName = "Bizzy-BooksUITests";
			productReference = 67E103E72B0E6DB20092082B /* Bizzy-BooksUITests.xctest */;
			productType = "com.apple.product-type.bundle.ui-testing";
		};
/* End PBXNativeTarget section */

/* Begin PBXProject section */
		67E103C42B0E6DB10092082B /* Project object */ = {
			isa = PBXProject;
			attributes = {
				BuildIndependentTargetsInParallel = 1;
				LastSwiftUpdateCheck = 1500;
				LastUpgradeCheck = 1510;
				TargetAttributes = {
					67E103CB2B0E6DB10092082B = {
						CreatedOnToolsVersion = 15.0.1;
					};
					67E103DC2B0E6DB20092082B = {
						CreatedOnToolsVersion = 15.0.1;
						TestTargetID = 67E103CB2B0E6DB10092082B;
					};
					67E103E62B0E6DB20092082B = {
						CreatedOnToolsVersion = 15.0.1;
						TestTargetID = 67E103CB2B0E6DB10092082B;
					};
				};
			};
			buildConfigurationList = 67E103C72B0E6DB10092082B /* Build configuration list for PBXProject "Bizzy-Books" */;
			compatibilityVersion = "Xcode 14.0";
			developmentRegion = en;
			hasScannedForEncodings = 0;
			knownRegions = (
				en,
				Base,
			);
			mainGroup = 67E103C32B0E6DB10092082B;
			packageReferences = (
				67E103FE2B0E735A0092082B /* XCRemoteSwiftPackageReference "firebase-ios-sdk" */,
				67D58C4B2B0ED54A00740E70 /* XCRemoteSwiftPackageReference "FirebaseUI-iOS" */,
			);
			productRefGroup = 67E103CD2B0E6DB10092082B /* Products */;
			projectDirPath = "";
			projectRoot = "";
			targets = (
				67E103CB2B0E6DB10092082B /* Bizzy-Books */,
				67E103DC2B0E6DB20092082B /* Bizzy-BooksTests */,
				67E103E62B0E6DB20092082B /* Bizzy-BooksUITests */,
			);
		};
/* End PBXProject section */

/* Begin PBXResourcesBuildPhase section */
		67E103CA2B0E6DB10092082B /* Resources */ = {
			isa = PBXResourcesBuildPhase;
			buildActionMask = 2147483647;
			files = (
				67E103D82B0E6DB20092082B /* Preview Assets.xcassets in Resources */,
				67E103D42B0E6DB20092082B /* Assets.xcassets in Resources */,
				67E103FB2B0E72EF0092082B /* GoogleService-Info.plist in Resources */,
			);
			runOnlyForDeploymentPostprocessing = 0;
		};
		67E103DB2B0E6DB20092082B /* Resources */ = {
			isa = PBXResourcesBuildPhase;
			buildActionMask = 2147483647;
			files = (
				67E103FC2B0E72EF0092082B /* GoogleService-Info.plist in Resources */,
			);
			runOnlyForDeploymentPostprocessing = 0;
		};
		67E103E52B0E6DB20092082B /* Resources */ = {
			isa = PBXResourcesBuildPhase;
			buildActionMask = 2147483647;
			files = (
				67E103FD2B0E72EF0092082B /* GoogleService-Info.plist in Resources */,
			);
			runOnlyForDeploymentPostprocessing = 0;
		};
/* End PBXResourcesBuildPhase section */

/* Begin PBXShellScriptBuildPhase section */
		3668E6527C41855164B3FB42 /* [CP] Embed Pods Frameworks */ = {
			isa = PBXShellScriptBuildPhase;
			buildActionMask = 2147483647;
			files = (
			);
			inputFileListPaths = (
				"${PODS_ROOT}/Target Support Files/Pods-Bizzy-Books-Bizzy-BooksUITests/Pods-Bizzy-Books-Bizzy-BooksUITests-frameworks-${CONFIGURATION}-input-files.xcfilelist",
			);
			name = "[CP] Embed Pods Frameworks";
			outputFileListPaths = (
				"${PODS_ROOT}/Target Support Files/Pods-Bizzy-Books-Bizzy-BooksUITests/Pods-Bizzy-Books-Bizzy-BooksUITests-frameworks-${CONFIGURATION}-output-files.xcfilelist",
			);
			runOnlyForDeploymentPostprocessing = 0;
			shellPath = /bin/sh;
			shellScript = "\"${PODS_ROOT}/Target Support Files/Pods-Bizzy-Books-Bizzy-BooksUITests/Pods-Bizzy-Books-Bizzy-BooksUITests-frameworks.sh\"\n";
			showEnvVarsInLog = 0;
		};
		4EA0E3438935B8183F0E7DFE /* [CP] Embed Pods Frameworks */ = {
			isa = PBXShellScriptBuildPhase;
			buildActionMask = 2147483647;
			files = (
			);
			inputFileListPaths = (
				"${PODS_ROOT}/Target Support Files/Pods-Bizzy-Books/Pods-Bizzy-Books-frameworks-${CONFIGURATION}-input-files.xcfilelist",
			);
			name = "[CP] Embed Pods Frameworks";
			outputFileListPaths = (
				"${PODS_ROOT}/Target Support Files/Pods-Bizzy-Books/Pods-Bizzy-Books-frameworks-${CONFIGURATION}-output-files.xcfilelist",
			);
			runOnlyForDeploymentPostprocessing = 0;
			shellPath = /bin/sh;
			shellScript = "\"${PODS_ROOT}/Target Support Files/Pods-Bizzy-Books/Pods-Bizzy-Books-frameworks.sh\"\n";
			showEnvVarsInLog = 0;
		};
		57AB81C93BA4B95F507E2067 /* [CP] Check Pods Manifest.lock */ = {
			isa = PBXShellScriptBuildPhase;
			buildActionMask = 2147483647;
			files = (
			);
			inputFileListPaths = (
			);
			inputPaths = (
				"${PODS_PODFILE_DIR_PATH}/Podfile.lock",
				"${PODS_ROOT}/Manifest.lock",
			);
			name = "[CP] Check Pods Manifest.lock";
			outputFileListPaths = (
			);
			outputPaths = (
				"$(DERIVED_FILE_DIR)/Pods-Bizzy-BooksTests-checkManifestLockResult.txt",
			);
			runOnlyForDeploymentPostprocessing = 0;
			shellPath = /bin/sh;
			shellScript = "diff \"${PODS_PODFILE_DIR_PATH}/Podfile.lock\" \"${PODS_ROOT}/Manifest.lock\" > /dev/null\nif [ $? != 0 ] ; then\n    # print error to STDERR\n    echo \"error: The sandbox is not in sync with the Podfile.lock. Run 'pod install' or update your CocoaPods installation.\" >&2\n    exit 1\nfi\n# This output is used by Xcode 'outputs' to avoid re-running this script phase.\necho \"SUCCESS\" > \"${SCRIPT_OUTPUT_FILE_0}\"\n";
			showEnvVarsInLog = 0;
		};
		92BFBAF3E5D7A0A98612F18B /* [CP] Check Pods Manifest.lock */ = {
			isa = PBXShellScriptBuildPhase;
			buildActionMask = 2147483647;
			files = (
			);
			inputFileListPaths = (
			);
			inputPaths = (
				"${PODS_PODFILE_DIR_PATH}/Podfile.lock",
				"${PODS_ROOT}/Manifest.lock",
			);
			name = "[CP] Check Pods Manifest.lock";
			outputFileListPaths = (
			);
			outputPaths = (
				"$(DERIVED_FILE_DIR)/Pods-Bizzy-Books-checkManifestLockResult.txt",
			);
			runOnlyForDeploymentPostprocessing = 0;
			shellPath = /bin/sh;
			shellScript = "diff \"${PODS_PODFILE_DIR_PATH}/Podfile.lock\" \"${PODS_ROOT}/Manifest.lock\" > /dev/null\nif [ $? != 0 ] ; then\n    # print error to STDERR\n    echo \"error: The sandbox is not in sync with the Podfile.lock. Run 'pod install' or update your CocoaPods installation.\" >&2\n    exit 1\nfi\n# This output is used by Xcode 'outputs' to avoid re-running this script phase.\necho \"SUCCESS\" > \"${SCRIPT_OUTPUT_FILE_0}\"\n";
			showEnvVarsInLog = 0;
		};
		D4BDFAD60F3C8A416362F889 /* [CP] Check Pods Manifest.lock */ = {
			isa = PBXShellScriptBuildPhase;
			buildActionMask = 2147483647;
			files = (
			);
			inputFileListPaths = (
			);
			inputPaths = (
				"${PODS_PODFILE_DIR_PATH}/Podfile.lock",
				"${PODS_ROOT}/Manifest.lock",
			);
			name = "[CP] Check Pods Manifest.lock";
			outputFileListPaths = (
			);
			outputPaths = (
				"$(DERIVED_FILE_DIR)/Pods-Bizzy-Books-Bizzy-BooksUITests-checkManifestLockResult.txt",
			);
			runOnlyForDeploymentPostprocessing = 0;
			shellPath = /bin/sh;
			shellScript = "diff \"${PODS_PODFILE_DIR_PATH}/Podfile.lock\" \"${PODS_ROOT}/Manifest.lock\" > /dev/null\nif [ $? != 0 ] ; then\n    # print error to STDERR\n    echo \"error: The sandbox is not in sync with the Podfile.lock. Run 'pod install' or update your CocoaPods installation.\" >&2\n    exit 1\nfi\n# This output is used by Xcode 'outputs' to avoid re-running this script phase.\necho \"SUCCESS\" > \"${SCRIPT_OUTPUT_FILE_0}\"\n";
			showEnvVarsInLog = 0;
		};
/* End PBXShellScriptBuildPhase section */

/* Begin PBXSourcesBuildPhase section */
		67E103C82B0E6DB10092082B /* Sources */ = {
			isa = PBXSourcesBuildPhase;
			buildActionMask = 2147483647;
			files = (
				673CF3B12B4B497600506736 /* AddCustomerView.swift in Sources */,
				67AB9AF92B35F42800FB81A1 /* SingletonDataManager.swift in Sources */,
				67E103D22B0E6DB10092082B /* MainScreenView.swift in Sources */,
				67E103D02B0E6DB10092082B /* Bizzy_BooksApp.swift in Sources */,
				67C709BB2B30F00400C09CC6 /* AuthenticationView.swift in Sources */,
				67C709BF2B31F99000C09CC6 /* AddItemView.swift in Sources */,
				67C709B52B30EED400C09CC6 /* LoginView.swift in Sources */,
				674D4EB52B325BFA001699F2 /* AddItemModel.swift in Sources */,
				67C709BD2B30F02A00C09CC6 /* AuthenticatedView.swift in Sources */,
				67C709B72B30EF3400C09CC6 /* SignupView.swift in Sources */,
				678FBB8B2B4503A800A38561 /* AddProjectView.swift in Sources */,
				670D45BF2B43178B00FF9BB3 /* ItemModel.swift in Sources */,
				678FBB7D2B43C53900A38561 /* AddWhoView.swift in Sources */,
				67D58C482B0EC83800740E70 /* EditBusinessView.swift in Sources */,
				678FBB812B44F2A100A38561 /* AddWhomView.swift in Sources */,
				67C709B92B30EF6C00C09CC6 /* UserProfileView.swift in Sources */,
				678FBB892B45039800A38561 /* AddVehicleView.swift in Sources */,
				678FBB872B4500FD00A38561 /* LayoutFlow.swift in Sources */,
				678FBB852B45008000A38561 /* TFCurrencyGallonsOdo.swift in Sources */,
				67C709C32B32075900C09CC6 /* ColorExtensions.swift in Sources */,
				67AB9AFD2B35FDCF00FB81A1 /* SentenceFlowView.swift in Sources */,
				677B70A72B0F0B3D0044216A /* EmptyView.swift in Sources */,
				673CF3AF2B48952E00506736 /* Model.swift in Sources */,
				670D45BD2B43161D00FF9BB3 /* FirebaseDatabase.swift in Sources */,
				678FBB832B45002500A38561 /* VMSVWhoWhomVehProj.swift in Sources */,
			);
			runOnlyForDeploymentPostprocessing = 0;
		};
		67E103D92B0E6DB20092082B /* Sources */ = {
			isa = PBXSourcesBuildPhase;
			buildActionMask = 2147483647;
			files = (
				67E103E22B0E6DB20092082B /* Bizzy_BooksTests.swift in Sources */,
			);
			runOnlyForDeploymentPostprocessing = 0;
		};
		67E103E32B0E6DB20092082B /* Sources */ = {
			isa = PBXSourcesBuildPhase;
			buildActionMask = 2147483647;
			files = (
				67E103EE2B0E6DB20092082B /* Bizzy_BooksUITestsLaunchTests.swift in Sources */,
				67E103EC2B0E6DB20092082B /* Bizzy_BooksUITests.swift in Sources */,
			);
			runOnlyForDeploymentPostprocessing = 0;
		};
/* End PBXSourcesBuildPhase section */

/* Begin PBXTargetDependency section */
		67E103DF2B0E6DB20092082B /* PBXTargetDependency */ = {
			isa = PBXTargetDependency;
			target = 67E103CB2B0E6DB10092082B /* Bizzy-Books */;
			targetProxy = 67E103DE2B0E6DB20092082B /* PBXContainerItemProxy */;
		};
		67E103E92B0E6DB20092082B /* PBXTargetDependency */ = {
			isa = PBXTargetDependency;
			target = 67E103CB2B0E6DB10092082B /* Bizzy-Books */;
			targetProxy = 67E103E82B0E6DB20092082B /* PBXContainerItemProxy */;
		};
/* End PBXTargetDependency section */

/* Begin XCBuildConfiguration section */
		67E103EF2B0E6DB20092082B /* Debug */ = {
			isa = XCBuildConfiguration;
			buildSettings = {
				ALWAYS_SEARCH_USER_PATHS = NO;
				ASSETCATALOG_COMPILER_GENERATE_SWIFT_ASSET_SYMBOL_EXTENSIONS = YES;
				CLANG_ANALYZER_NONNULL = YES;
				CLANG_ANALYZER_NUMBER_OBJECT_CONVERSION = YES_AGGRESSIVE;
				CLANG_CXX_LANGUAGE_STANDARD = "gnu++20";
				CLANG_ENABLE_MODULES = YES;
				CLANG_ENABLE_OBJC_ARC = YES;
				CLANG_ENABLE_OBJC_WEAK = YES;
				CLANG_WARN_BLOCK_CAPTURE_AUTORELEASING = YES;
				CLANG_WARN_BOOL_CONVERSION = YES;
				CLANG_WARN_COMMA = YES;
				CLANG_WARN_CONSTANT_CONVERSION = YES;
				CLANG_WARN_DEPRECATED_OBJC_IMPLEMENTATIONS = YES;
				CLANG_WARN_DIRECT_OBJC_ISA_USAGE = YES_ERROR;
				CLANG_WARN_DOCUMENTATION_COMMENTS = YES;
				CLANG_WARN_EMPTY_BODY = YES;
				CLANG_WARN_ENUM_CONVERSION = YES;
				CLANG_WARN_INFINITE_RECURSION = YES;
				CLANG_WARN_INT_CONVERSION = YES;
				CLANG_WARN_NON_LITERAL_NULL_CONVERSION = YES;
				CLANG_WARN_OBJC_IMPLICIT_RETAIN_SELF = YES;
				CLANG_WARN_OBJC_LITERAL_CONVERSION = YES;
				CLANG_WARN_OBJC_ROOT_CLASS = YES_ERROR;
				CLANG_WARN_QUOTED_INCLUDE_IN_FRAMEWORK_HEADER = NO;
				CLANG_WARN_RANGE_LOOP_ANALYSIS = YES;
				CLANG_WARN_STRICT_PROTOTYPES = YES;
				CLANG_WARN_SUSPICIOUS_MOVE = YES;
				CLANG_WARN_UNGUARDED_AVAILABILITY = YES_AGGRESSIVE;
				CLANG_WARN_UNREACHABLE_CODE = YES;
				CLANG_WARN__DUPLICATE_METHOD_MATCH = YES;
				COPY_PHASE_STRIP = NO;
				DEAD_CODE_STRIPPING = YES;
				DEBUG_INFORMATION_FORMAT = dwarf;
				ENABLE_STRICT_OBJC_MSGSEND = YES;
				ENABLE_TESTABILITY = YES;
				ENABLE_USER_SCRIPT_SANDBOXING = YES;
				GCC_C_LANGUAGE_STANDARD = gnu17;
				GCC_DYNAMIC_NO_PIC = NO;
				GCC_NO_COMMON_BLOCKS = YES;
				GCC_OPTIMIZATION_LEVEL = 0;
				GCC_PREPROCESSOR_DEFINITIONS = (
					"DEBUG=1",
					"$(inherited)",
				);
				GCC_WARN_64_TO_32_BIT_CONVERSION = YES;
				GCC_WARN_ABOUT_RETURN_TYPE = YES_ERROR;
				GCC_WARN_UNDECLARED_SELECTOR = YES;
				GCC_WARN_UNINITIALIZED_AUTOS = YES_AGGRESSIVE;
				GCC_WARN_UNUSED_FUNCTION = YES;
				GCC_WARN_UNUSED_VARIABLE = YES;
				LOCALIZATION_PREFERS_STRING_CATALOGS = YES;
				MTL_ENABLE_DEBUG_INFO = INCLUDE_SOURCE;
				MTL_FAST_MATH = YES;
				ONLY_ACTIVE_ARCH = YES;
				SDKROOT = iphoneos;
				SUPPORTED_PLATFORMS = "iphonesimulator iphoneos";
				SWIFT_ACTIVE_COMPILATION_CONDITIONS = "DEBUG $(inherited)";
				SWIFT_OPTIMIZATION_LEVEL = "-Onone";
			};
			name = Debug;
		};
		67E103F02B0E6DB20092082B /* Release */ = {
			isa = XCBuildConfiguration;
			buildSettings = {
				ALWAYS_SEARCH_USER_PATHS = NO;
				ASSETCATALOG_COMPILER_GENERATE_SWIFT_ASSET_SYMBOL_EXTENSIONS = YES;
				CLANG_ANALYZER_NONNULL = YES;
				CLANG_ANALYZER_NUMBER_OBJECT_CONVERSION = YES_AGGRESSIVE;
				CLANG_CXX_LANGUAGE_STANDARD = "gnu++20";
				CLANG_ENABLE_MODULES = YES;
				CLANG_ENABLE_OBJC_ARC = YES;
				CLANG_ENABLE_OBJC_WEAK = YES;
				CLANG_WARN_BLOCK_CAPTURE_AUTORELEASING = YES;
				CLANG_WARN_BOOL_CONVERSION = YES;
				CLANG_WARN_COMMA = YES;
				CLANG_WARN_CONSTANT_CONVERSION = YES;
				CLANG_WARN_DEPRECATED_OBJC_IMPLEMENTATIONS = YES;
				CLANG_WARN_DIRECT_OBJC_ISA_USAGE = YES_ERROR;
				CLANG_WARN_DOCUMENTATION_COMMENTS = YES;
				CLANG_WARN_EMPTY_BODY = YES;
				CLANG_WARN_ENUM_CONVERSION = YES;
				CLANG_WARN_INFINITE_RECURSION = YES;
				CLANG_WARN_INT_CONVERSION = YES;
				CLANG_WARN_NON_LITERAL_NULL_CONVERSION = YES;
				CLANG_WARN_OBJC_IMPLICIT_RETAIN_SELF = YES;
				CLANG_WARN_OBJC_LITERAL_CONVERSION = YES;
				CLANG_WARN_OBJC_ROOT_CLASS = YES_ERROR;
				CLANG_WARN_QUOTED_INCLUDE_IN_FRAMEWORK_HEADER = NO;
				CLANG_WARN_RANGE_LOOP_ANALYSIS = YES;
				CLANG_WARN_STRICT_PROTOTYPES = YES;
				CLANG_WARN_SUSPICIOUS_MOVE = YES;
				CLANG_WARN_UNGUARDED_AVAILABILITY = YES_AGGRESSIVE;
				CLANG_WARN_UNREACHABLE_CODE = YES;
				CLANG_WARN__DUPLICATE_METHOD_MATCH = YES;
				COPY_PHASE_STRIP = NO;
				DEAD_CODE_STRIPPING = YES;
				DEBUG_INFORMATION_FORMAT = "dwarf-with-dsym";
				ENABLE_NS_ASSERTIONS = NO;
				ENABLE_STRICT_OBJC_MSGSEND = YES;
				ENABLE_USER_SCRIPT_SANDBOXING = YES;
				GCC_C_LANGUAGE_STANDARD = gnu17;
				GCC_NO_COMMON_BLOCKS = YES;
				GCC_WARN_64_TO_32_BIT_CONVERSION = YES;
				GCC_WARN_ABOUT_RETURN_TYPE = YES_ERROR;
				GCC_WARN_UNDECLARED_SELECTOR = YES;
				GCC_WARN_UNINITIALIZED_AUTOS = YES_AGGRESSIVE;
				GCC_WARN_UNUSED_FUNCTION = YES;
				GCC_WARN_UNUSED_VARIABLE = YES;
				LOCALIZATION_PREFERS_STRING_CATALOGS = YES;
				MTL_ENABLE_DEBUG_INFO = NO;
				MTL_FAST_MATH = YES;
				SDKROOT = iphoneos;
				SUPPORTED_PLATFORMS = "iphonesimulator iphoneos";
				SWIFT_COMPILATION_MODE = wholemodule;
			};
			name = Release;
		};
		67E103F22B0E6DB20092082B /* Debug */ = {
			isa = XCBuildConfiguration;
			baseConfigurationReference = 42A0F310289B6F023DC7B21B /* Pods-Bizzy-Books.debug.xcconfig */;
			buildSettings = {
				ALWAYS_EMBED_SWIFT_STANDARD_LIBRARIES = NO;
				ASSETCATALOG_COMPILER_APPICON_NAME = AppIcon;
				ASSETCATALOG_COMPILER_GLOBAL_ACCENT_COLOR_NAME = AccentColor;
				CODE_SIGN_ENTITLEMENTS = "Bizzy-Books/Bizzy_Books.entitlements";
				CODE_SIGN_STYLE = Automatic;
				CURRENT_PROJECT_VERSION = 1;
				DEAD_CODE_STRIPPING = YES;
				DEVELOPMENT_ASSET_PATHS = "\"Bizzy-Books/Preview Content\"";
				DEVELOPMENT_TEAM = ALC53N96R3;
				ENABLE_PREVIEWS = YES;
				ENABLE_USER_SCRIPT_SANDBOXING = NO;
				GENERATE_INFOPLIST_FILE = YES;
				INFOPLIST_KEY_NSContactsUsageDescription = "We need access to your contacts to autofill information.";
				INFOPLIST_KEY_NSLocationWhenInUseUsageDescription = "We need access to your location for geo-tagging feature.";
				"INFOPLIST_KEY_UIApplicationSceneManifest_Generation[sdk=iphoneos*]" = YES;
				"INFOPLIST_KEY_UIApplicationSceneManifest_Generation[sdk=iphonesimulator*]" = YES;
				"INFOPLIST_KEY_UIApplicationSupportsIndirectInputEvents[sdk=iphoneos*]" = YES;
				"INFOPLIST_KEY_UIApplicationSupportsIndirectInputEvents[sdk=iphonesimulator*]" = YES;
				"INFOPLIST_KEY_UILaunchScreen_Generation[sdk=iphoneos*]" = YES;
				"INFOPLIST_KEY_UILaunchScreen_Generation[sdk=iphonesimulator*]" = YES;
				"INFOPLIST_KEY_UIStatusBarStyle[sdk=iphoneos*]" = UIStatusBarStyleDefault;
				"INFOPLIST_KEY_UIStatusBarStyle[sdk=iphonesimulator*]" = UIStatusBarStyleDefault;
				INFOPLIST_KEY_UISupportedInterfaceOrientations_iPad = "UIInterfaceOrientationPortrait UIInterfaceOrientationPortraitUpsideDown UIInterfaceOrientationLandscapeLeft UIInterfaceOrientationLandscapeRight";
				INFOPLIST_KEY_UISupportedInterfaceOrientations_iPhone = "UIInterfaceOrientationPortrait UIInterfaceOrientationLandscapeLeft UIInterfaceOrientationLandscapeRight";
				IPHONEOS_DEPLOYMENT_TARGET = 17.0;
				LD_RUNPATH_SEARCH_PATHS = "$(inherited)";
				"LD_RUNPATH_SEARCH_PATHS[sdk=macosx*]" = (
					"@executable_path/../Frameworks",
					"$(inherited)",
				);
				MACOSX_DEPLOYMENT_TARGET = 14.0;
				MARKETING_VERSION = 1.0;
				ONLY_ACTIVE_ARCH = YES;
				OTHER_LDFLAGS = (
					"-ObjC",
					"-ld_classic",
					"$(inherited)",
				);
				PRODUCT_BUNDLE_IDENTIFIER = "com.bizzybooks.Bizzy-Books";
				PRODUCT_NAME = "$(TARGET_NAME)";
				SDKROOT = auto;
				SUPPORTED_PLATFORMS = "iphoneos iphonesimulator";
				SUPPORTS_MACCATALYST = NO;
				SWIFT_EMIT_LOC_STRINGS = YES;
				SWIFT_VERSION = 5.0;
				TARGETED_DEVICE_FAMILY = "1,2";
			};
			name = Debug;
		};
		67E103F32B0E6DB20092082B /* Release */ = {
			isa = XCBuildConfiguration;
			baseConfigurationReference = E2D6F6105E3D9BB92B7714EB /* Pods-Bizzy-Books.release.xcconfig */;
			buildSettings = {
				ALWAYS_EMBED_SWIFT_STANDARD_LIBRARIES = NO;
				ASSETCATALOG_COMPILER_APPICON_NAME = AppIcon;
				ASSETCATALOG_COMPILER_GLOBAL_ACCENT_COLOR_NAME = AccentColor;
				CODE_SIGN_ENTITLEMENTS = "Bizzy-Books/Bizzy_Books.entitlements";
				CODE_SIGN_STYLE = Automatic;
				CURRENT_PROJECT_VERSION = 1;
				DEAD_CODE_STRIPPING = YES;
				DEVELOPMENT_ASSET_PATHS = "\"Bizzy-Books/Preview Content\"";
				DEVELOPMENT_TEAM = ALC53N96R3;
				ENABLE_PREVIEWS = YES;
				ENABLE_USER_SCRIPT_SANDBOXING = NO;
				GENERATE_INFOPLIST_FILE = YES;
				INFOPLIST_KEY_NSContactsUsageDescription = "We need access to your contacts to autofill information.";
				INFOPLIST_KEY_NSLocationWhenInUseUsageDescription = "We need access to your location for geo-tagging feature.";
				"INFOPLIST_KEY_UIApplicationSceneManifest_Generation[sdk=iphoneos*]" = YES;
				"INFOPLIST_KEY_UIApplicationSceneManifest_Generation[sdk=iphonesimulator*]" = YES;
				"INFOPLIST_KEY_UIApplicationSupportsIndirectInputEvents[sdk=iphoneos*]" = YES;
				"INFOPLIST_KEY_UIApplicationSupportsIndirectInputEvents[sdk=iphonesimulator*]" = YES;
				"INFOPLIST_KEY_UILaunchScreen_Generation[sdk=iphoneos*]" = YES;
				"INFOPLIST_KEY_UILaunchScreen_Generation[sdk=iphonesimulator*]" = YES;
				"INFOPLIST_KEY_UIStatusBarStyle[sdk=iphoneos*]" = UIStatusBarStyleDefault;
				"INFOPLIST_KEY_UIStatusBarStyle[sdk=iphonesimulator*]" = UIStatusBarStyleDefault;
				INFOPLIST_KEY_UISupportedInterfaceOrientations_iPad = "UIInterfaceOrientationPortrait UIInterfaceOrientationPortraitUpsideDown UIInterfaceOrientationLandscapeLeft UIInterfaceOrientationLandscapeRight";
				INFOPLIST_KEY_UISupportedInterfaceOrientations_iPhone = "UIInterfaceOrientationPortrait UIInterfaceOrientationLandscapeLeft UIInterfaceOrientationLandscapeRight";
				IPHONEOS_DEPLOYMENT_TARGET = 17.0;
				LD_RUNPATH_SEARCH_PATHS = "$(inherited)";
				"LD_RUNPATH_SEARCH_PATHS[sdk=macosx*]" = (
					"@executable_path/../Frameworks",
					"$(inherited)",
				);
				MACOSX_DEPLOYMENT_TARGET = 14.0;
				MARKETING_VERSION = 1.0;
				ONLY_ACTIVE_ARCH = YES;
				OTHER_LDFLAGS = (
					"-ObjC",
					"-ld_classic",
					"$(inherited)",
				);
				PRODUCT_BUNDLE_IDENTIFIER = "com.bizzybooks.Bizzy-Books";
				PRODUCT_NAME = "$(TARGET_NAME)";
				SDKROOT = auto;
				SUPPORTED_PLATFORMS = "iphoneos iphonesimulator";
				SUPPORTS_MACCATALYST = NO;
				SWIFT_EMIT_LOC_STRINGS = YES;
				SWIFT_VERSION = 5.0;
				TARGETED_DEVICE_FAMILY = "1,2";
			};
			name = Release;
		};
		67E103F52B0E6DB20092082B /* Debug */ = {
			isa = XCBuildConfiguration;
			baseConfigurationReference = 5DFCE9627AC467AF78D47B9C /* Pods-Bizzy-BooksTests.debug.xcconfig */;
			buildSettings = {
				ALWAYS_EMBED_SWIFT_STANDARD_LIBRARIES = NO;
				BUNDLE_LOADER = "$(TEST_HOST)";
				CODE_SIGN_STYLE = Automatic;
				CURRENT_PROJECT_VERSION = 1;
				DEAD_CODE_STRIPPING = YES;
				GENERATE_INFOPLIST_FILE = YES;
				IPHONEOS_DEPLOYMENT_TARGET = 17.0;
				MARKETING_VERSION = 1.0;
				PRODUCT_BUNDLE_IDENTIFIER = "com.bizzybooks.Bizzy-BooksTests";
				PRODUCT_NAME = "$(TARGET_NAME)";
				SDKROOT = auto;
				SUPPORTED_PLATFORMS = "iphonesimulator iphoneos";
				SWIFT_EMIT_LOC_STRINGS = NO;
				SWIFT_VERSION = 5.0;
				TARGETED_DEVICE_FAMILY = "1,2";
				TEST_HOST = "$(BUILT_PRODUCTS_DIR)/Bizzy-Books.app/$(BUNDLE_EXECUTABLE_FOLDER_PATH)/Bizzy-Books";
			};
			name = Debug;
		};
		67E103F62B0E6DB20092082B /* Release */ = {
			isa = XCBuildConfiguration;
			baseConfigurationReference = 8214491142499E9B3E30692F /* Pods-Bizzy-BooksTests.release.xcconfig */;
			buildSettings = {
				ALWAYS_EMBED_SWIFT_STANDARD_LIBRARIES = NO;
				BUNDLE_LOADER = "$(TEST_HOST)";
				CODE_SIGN_STYLE = Automatic;
				CURRENT_PROJECT_VERSION = 1;
				DEAD_CODE_STRIPPING = YES;
				GENERATE_INFOPLIST_FILE = YES;
				IPHONEOS_DEPLOYMENT_TARGET = 17.0;
				MARKETING_VERSION = 1.0;
				PRODUCT_BUNDLE_IDENTIFIER = "com.bizzybooks.Bizzy-BooksTests";
				PRODUCT_NAME = "$(TARGET_NAME)";
				SDKROOT = auto;
				SUPPORTED_PLATFORMS = "iphonesimulator iphoneos";
				SWIFT_EMIT_LOC_STRINGS = NO;
				SWIFT_VERSION = 5.0;
				TARGETED_DEVICE_FAMILY = "1,2";
				TEST_HOST = "$(BUILT_PRODUCTS_DIR)/Bizzy-Books.app/$(BUNDLE_EXECUTABLE_FOLDER_PATH)/Bizzy-Books";
			};
			name = Release;
		};
		67E103F82B0E6DB20092082B /* Debug */ = {
			isa = XCBuildConfiguration;
			baseConfigurationReference = C35B12FA4361FF57CD24EEF3 /* Pods-Bizzy-Books-Bizzy-BooksUITests.debug.xcconfig */;
			buildSettings = {
				ALWAYS_EMBED_SWIFT_STANDARD_LIBRARIES = NO;
				CODE_SIGN_STYLE = Automatic;
				CURRENT_PROJECT_VERSION = 1;
				DEAD_CODE_STRIPPING = YES;
				GENERATE_INFOPLIST_FILE = YES;
				IPHONEOS_DEPLOYMENT_TARGET = 17.0;
				MARKETING_VERSION = 1.0;
				PRODUCT_BUNDLE_IDENTIFIER = "com.bizzybooks.Bizzy-BooksUITests";
				PRODUCT_NAME = "$(TARGET_NAME)";
				SDKROOT = auto;
				SUPPORTED_PLATFORMS = "iphonesimulator iphoneos";
				SWIFT_EMIT_LOC_STRINGS = NO;
				SWIFT_VERSION = 5.0;
				TARGETED_DEVICE_FAMILY = "1,2";
				TEST_TARGET_NAME = "Bizzy-Books";
			};
			name = Debug;
		};
		67E103F92B0E6DB20092082B /* Release */ = {
			isa = XCBuildConfiguration;
			baseConfigurationReference = 8799C4BD5BE7FF9F3917A3AE /* Pods-Bizzy-Books-Bizzy-BooksUITests.release.xcconfig */;
			buildSettings = {
				ALWAYS_EMBED_SWIFT_STANDARD_LIBRARIES = NO;
				CODE_SIGN_STYLE = Automatic;
				CURRENT_PROJECT_VERSION = 1;
				DEAD_CODE_STRIPPING = YES;
				GENERATE_INFOPLIST_FILE = YES;
				IPHONEOS_DEPLOYMENT_TARGET = 17.0;
				MARKETING_VERSION = 1.0;
				PRODUCT_BUNDLE_IDENTIFIER = "com.bizzybooks.Bizzy-BooksUITests";
				PRODUCT_NAME = "$(TARGET_NAME)";
				SDKROOT = auto;
				SUPPORTED_PLATFORMS = "iphonesimulator iphoneos";
				SWIFT_EMIT_LOC_STRINGS = NO;
				SWIFT_VERSION = 5.0;
				TARGETED_DEVICE_FAMILY = "1,2";
				TEST_TARGET_NAME = "Bizzy-Books";
			};
			name = Release;
		};
/* End XCBuildConfiguration section */

/* Begin XCConfigurationList section */
		67E103C72B0E6DB10092082B /* Build configuration list for PBXProject "Bizzy-Books" */ = {
			isa = XCConfigurationList;
			buildConfigurations = (
				67E103EF2B0E6DB20092082B /* Debug */,
				67E103F02B0E6DB20092082B /* Release */,
			);
			defaultConfigurationIsVisible = 0;
			defaultConfigurationName = Release;
		};
		67E103F12B0E6DB20092082B /* Build configuration list for PBXNativeTarget "Bizzy-Books" */ = {
			isa = XCConfigurationList;
			buildConfigurations = (
				67E103F22B0E6DB20092082B /* Debug */,
				67E103F32B0E6DB20092082B /* Release */,
			);
			defaultConfigurationIsVisible = 0;
			defaultConfigurationName = Release;
		};
		67E103F42B0E6DB20092082B /* Build configuration list for PBXNativeTarget "Bizzy-BooksTests" */ = {
			isa = XCConfigurationList;
			buildConfigurations = (
				67E103F52B0E6DB20092082B /* Debug */,
				67E103F62B0E6DB20092082B /* Release */,
			);
			defaultConfigurationIsVisible = 0;
			defaultConfigurationName = Release;
		};
		67E103F72B0E6DB20092082B /* Build configuration list for PBXNativeTarget "Bizzy-BooksUITests" */ = {
			isa = XCConfigurationList;
			buildConfigurations = (
				67E103F82B0E6DB20092082B /* Debug */,
				67E103F92B0E6DB20092082B /* Release */,
			);
			defaultConfigurationIsVisible = 0;
			defaultConfigurationName = Release;
		};
/* End XCConfigurationList section */

/* Begin XCRemoteSwiftPackageReference section */
		67D58C4B2B0ED54A00740E70 /* XCRemoteSwiftPackageReference "FirebaseUI-iOS" */ = {
			isa = XCRemoteSwiftPackageReference;
			repositoryURL = "https://github.com/firebase/FirebaseUI-iOS.git";
			requirement = {
				kind = upToNextMajorVersion;
				minimumVersion = 0.6.1;
			};
		};
		67E103FE2B0E735A0092082B /* XCRemoteSwiftPackageReference "firebase-ios-sdk" */ = {
			isa = XCRemoteSwiftPackageReference;
			repositoryURL = "https://github.com/firebase/firebase-ios-sdk";
			requirement = {
				kind = upToNextMajorVersion;
				minimumVersion = 10.18.0;
			};
		};
/* End XCRemoteSwiftPackageReference section */
	};
	rootObject = 67E103C42B0E6DB10092082B /* Project object */;
}
